github.com/dimonrus/gorest v0.8.1 h1:E7lDOE2RFiCn8c/AkmaW32azj89ToYYo5YLMVpYphcA=
github.com/dimonrus/gorest v0.8.1/go.mod h1:j7YYQ9qd7Whd10X/fAAQsH8xdakdbjGHfDUlGZ/KZjQ=
github.com/dimonrus/porterr v1.7.0/go.mod h1:BCVpaUyYdawPPzeAa8yjCYvemctND1I9ER/nFnOyDgQ=
github.com/dimonrus/porterr v1.9.0 h1:N8dEF9TrcNyMrQOyBUb1ein+1PXboLuycwFLjG2pEwM=
github.com/dimonrus/porterr v1.9.0/go.mod h1:BCVpaUyYdawPPzeAa8yjCYvemctND1I9ER/nFnOyDgQ=
