github.com/dimonrus/gorest v0.8.9 h1://zef7S/awqf659CHVxo34fYhf57h48iG3Fj/3JhMfw=
github.com/dimonrus/gorest v0.8.9/go.mod h1:KlX8/bvLEwZfl0fFYM9G00HOhii046Qevs0XhZ5ZlyM=
github.com/dimonrus/porterr v1.13.1 h1:hToohI8rweDANCJSiHBP7XXTWwU48yjoYY+/4WoWAQY=
github.com/dimonrus/porterr v1.13.1/go.mod h1:BCVpaUyYdawPPzeAa8yjCYvemctND1I9ER/nFnOyDgQ=
golang.org/x/net v0.11.0 h1:Gi2tvZIJyBtO9SDr1q9h5hEQCp/4L2RQ+ar0qjx2oNU=
golang.org/x/net v0.11.0/go.mod h1:2L/ixqYpgIVXmeoSA/4Lu7BzTG4KIyPIryS4IsOd1oQ=
golang.org/x/text v0.10.0 h1:UpjohKhiEgNc0CSauXmwYftY1+LlaC75SJwh0SgCX58=
golang.org/x/text v0.10.0/go.mod h1:TvPlkZtksWOMsz7fbANvkp4WM8x/WCo/om8BMLbz+aE=
